// !$*UTF8*$!
{
	archiveVersion = 1;
	classes = {
	};
	objectVersion = 46;
	objects = {

/* Begin PBXBuildFile section */
		2D06568918AA79BB006545B4 /* pooling.cpp in Sources */ = {isa = PBXBuildFile; fileRef = 2D06568718AA79BB006545B4 /* pooling.cpp */; };
		2D06568A18AA79BB006545B4 /* pooling.hpp in Headers */ = {isa = PBXBuildFile; fileRef = 2D06568818AA79BB006545B4 /* pooling.hpp */; };
		2D375DCC18A848E2008A97EE /* im2col.cpp in Sources */ = {isa = PBXBuildFile; fileRef = 2D375DCA18A848E2008A97EE /* im2col.cpp */; };
		2D375DCD18A848E2008A97EE /* im2col.hpp in Headers */ = {isa = PBXBuildFile; fileRef = 2D375DCB18A848E2008A97EE /* im2col.hpp */; };
		2D95CDA518EDE3A50076E3A2 /* im2col_gpu.cu in Sources */ = {isa = PBXBuildFile; fileRef = 2D95CDA318EDE3A50076E3A2 /* im2col_gpu.cu */; };
		2D9DC1CC1A209EBF0053CB7D /* vl_nnconv.cpp in Sources */ = {isa = PBXBuildFile; fileRef = 2D9DC1CA1A209EBF0053CB7D /* vl_nnconv.cpp */; };
		2D9DC1D01A209EFD0053CB7D /* vl_nnnormalize.cpp in Sources */ = {isa = PBXBuildFile; fileRef = 2D9DC1CE1A209EFD0053CB7D /* vl_nnnormalize.cpp */; };
		2D9DC1D11A209EFD0053CB7D /* vl_nnpool.cpp in Sources */ = {isa = PBXBuildFile; fileRef = 2D9DC1CF1A209EFD0053CB7D /* vl_nnpool.cpp */; };
		2DADAFF718E6430500165C90 /* normalize.cpp in Sources */ = {isa = PBXBuildFile; fileRef = 2DADAFF518E6430500165C90 /* normalize.cpp */; };
		2DADAFF818E6430500165C90 /* normalize.hpp in Headers */ = {isa = PBXBuildFile; fileRef = 2DADAFF618E6430500165C90 /* normalize.hpp */; };
		2DE27163197A5531001768CA /* vl_imreadjpeg.c in Sources */ = {isa = PBXBuildFile; fileRef = 2DE27162197A5531001768CA /* vl_imreadjpeg.c */; };
/* End PBXBuildFile section */

/* Begin PBXBuildRule section */
		2D375DC918A7FE5D008A97EE /* PBXBuildRule */ = {
			isa = PBXBuildRule;
			compilerSpec = com.apple.compilers.proxy.script;
			filePatterns = "*.cu";
			fileType = pattern.proxy;
			isEditable = 1;
			outputFiles = (
				"$(DERIVED_FILE_DIR)/$(INPUT_FILE_BASE).mex$(MEXARCH)",
			);
			script = "#!/bin/bash\n\n${NVCC} -c \\\n-I${MATLABROOT}/extern/include \\\n-I${MATLABROOT}/simulink/include \\\n-DMATLAB_MEX_FILE \\\n-gencode=arch=compute_13,code=sm_13 \\\n-gencode=arch=compute_20,code=sm_20 \\\n-gencode=arch=compute_30,code=\\\"sm_30,compute_30\\\" \\\n-m 64 \\\n-I${MATLABROOT}/toolbox/distcomp/gpu/extern/include \\\n--compiler-options \\\n-fno-common,-fexceptions,-arch,x86_64,-isysroot,${SDKROOT},-mmacosx-version-min=10.8 \\\n-O2 -DNDEBUG \\\n${INPUT_FILE_PATH} -o ${DERIVED_FILE_DIR}/${INPUT_FILE_BASE}.o\n#2> >(sed 's/^\\(.*\\)(\\([0-9][0-9]*\\)): error\\(.*\\)/\\1:\\2: error\\3/g' >&2)";
		};
/* End PBXBuildRule section */

/* Begin PBXFileReference section */
		2D06568718AA79BB006545B4 /* pooling.cpp */ = {isa = PBXFileReference; fileEncoding = 4; lastKnownFileType = sourcecode.cpp.cpp; name = pooling.cpp; path = matlab/src/bits/pooling.cpp; sourceTree = "<group>"; };
		2D06568818AA79BB006545B4 /* pooling.hpp */ = {isa = PBXFileReference; fileEncoding = 4; lastKnownFileType = sourcecode.cpp.h; name = pooling.hpp; path = matlab/src/bits/pooling.hpp; sourceTree = "<group>"; };
		2D1ECF5419CDE63200F4A122 /* vl_argparse.m */ = {isa = PBXFileReference; fileEncoding = 4; lastKnownFileType = sourcecode.c.objc; name = vl_argparse.m; path = matlab/vl_argparse.m; sourceTree = "<group>"; };
		2D1ECF5519CDE63200F4A122 /* vl_nnnormalize.m */ = {isa = PBXFileReference; fileEncoding = 4; lastKnownFileType = sourcecode.c.objc; name = vl_nnnormalize.m; path = matlab/vl_nnnormalize.m; sourceTree = "<group>"; };
		2D1ECF5619CDE63200F4A122 /* vl_simplenn_diagnose.m */ = {isa = PBXFileReference; fileEncoding = 4; lastKnownFileType = sourcecode.c.objc; name = vl_simplenn_diagnose.m; path = matlab/vl_simplenn_diagnose.m; sourceTree = "<group>"; };
		2D1ECF5819CE000600F4A122 /* cnn_cifar.m */ = {isa = PBXFileReference; fileEncoding = 4; lastKnownFileType = sourcecode.c.objc; name = cnn_cifar.m; path = examples/cnn_cifar.m; sourceTree = "<group>"; };
		2D1ECF5919CE000600F4A122 /* cnn_imagenet_evaluate.m */ = {isa = PBXFileReference; fileEncoding = 4; lastKnownFileType = sourcecode.c.objc; name = cnn_imagenet_evaluate.m; path = examples/cnn_imagenet_evaluate.m; sourceTree = "<group>"; };
		2D1ECF5A19CE000600F4A122 /* cnn_imagenet_get_batch.m */ = {isa = PBXFileReference; fileEncoding = 4; lastKnownFileType = sourcecode.c.objc; name = cnn_imagenet_get_batch.m; path = examples/cnn_imagenet_get_batch.m; sourceTree = "<group>"; };
		2D1ECF5B19CE000600F4A122 /* cnn_imagenet_minimal.m */ = {isa = PBXFileReference; fileEncoding = 4; lastKnownFileType = sourcecode.c.objc; name = cnn_imagenet_minimal.m; path = examples/cnn_imagenet_minimal.m; sourceTree = "<group>"; };
		2D1ECF5C19CE000600F4A122 /* cnn_imagenet_setup_data.m */ = {isa = PBXFileReference; fileEncoding = 4; lastKnownFileType = sourcecode.c.objc; name = cnn_imagenet_setup_data.m; path = examples/cnn_imagenet_setup_data.m; sourceTree = "<group>"; };
		2D1ECF5D19CE000600F4A122 /* cnn_imagenet_sync_labels.m */ = {isa = PBXFileReference; fileEncoding = 4; lastKnownFileType = sourcecode.c.objc; name = cnn_imagenet_sync_labels.m; path = examples/cnn_imagenet_sync_labels.m; sourceTree = "<group>"; };
		2D1ECF5E19CE000600F4A122 /* cnn_imagenet.m */ = {isa = PBXFileReference; fileEncoding = 4; lastKnownFileType = sourcecode.c.objc; name = cnn_imagenet.m; path = examples/cnn_imagenet.m; sourceTree = "<group>"; };
		2D1ECF5F19CE000600F4A122 /* cnn_mnist.m */ = {isa = PBXFileReference; fileEncoding = 4; lastKnownFileType = sourcecode.c.objc; name = cnn_mnist.m; path = examples/cnn_mnist.m; sourceTree = "<group>"; };
		2D1ECF6019CE000600F4A122 /* cnn_train.m */ = {isa = PBXFileReference; fileEncoding = 4; lastKnownFileType = sourcecode.c.objc; name = cnn_train.m; path = examples/cnn_train.m; sourceTree = "<group>"; };
		2D375DBB18A7F790008A97EE /* vl_nnconv.m */ = {isa = PBXFileReference; explicitFileType = text; fileEncoding = 4; name = vl_nnconv.m; path = matlab/vl_nnconv.m; sourceTree = "<group>"; };
		2D375DBC18A7F790008A97EE /* Makefile */ = {isa = PBXFileReference; explicitFileType = sourcecode.make; fileEncoding = 4; indentWidth = 8; path = Makefile; sourceTree = "<group>"; tabWidth = 8; usesTabs = 1; wrapsLines = 0; };
		2D375DBE18A7F79E008A97EE /* vl_nnconv.cu */ = {isa = PBXFileReference; explicitFileType = sourcecode.cpp.objcpp; fileEncoding = 4; name = vl_nnconv.cu; path = matlab/src/vl_nnconv.cu; sourceTree = "<group>"; xcLanguageSpecificationIdentifier = xcode.lang.cpp; };
		2D375DC318A7FD1C008A97EE /* libgconv.dylib */ = {isa = PBXFileReference; explicitFileType = "compiled.mach-o.dylib"; includeInIndex = 0; path = libgconv.dylib; sourceTree = BUILT_PRODUCTS_DIR; };
		2D375DCA18A848E2008A97EE /* im2col.cpp */ = {isa = PBXFileReference; fileEncoding = 4; lastKnownFileType = sourcecode.cpp.cpp; name = im2col.cpp; path = matlab/src/bits/im2col.cpp; sourceTree = "<group>"; };
		2D375DCB18A848E2008A97EE /* im2col.hpp */ = {isa = PBXFileReference; fileEncoding = 4; lastKnownFileType = sourcecode.cpp.h; name = im2col.hpp; path = matlab/src/bits/im2col.hpp; sourceTree = "<group>"; };
		2D5C34D519745588002B399E /* vl_nnpool.m */ = {isa = PBXFileReference; fileEncoding = 4; lastKnownFileType = sourcecode.c.objc; name = vl_nnpool.m; path = matlab/vl_nnpool.m; sourceTree = "<group>"; };
		2D6D0421196A894A00022E96 /* mex_CUDA_glnxa64.xml */ = {isa = PBXFileReference; fileEncoding = 4; lastKnownFileType = text.xml; name = mex_CUDA_glnxa64.xml; path = matlab/src/config/mex_CUDA_glnxa64.xml; sourceTree = "<group>"; };
		2D6D0422196A894A00022E96 /* mex_CUDA_maci64.xml */ = {isa = PBXFileReference; fileEncoding = 4; lastKnownFileType = text.xml; name = mex_CUDA_maci64.xml; path = matlab/src/config/mex_CUDA_maci64.xml; sourceTree = "<group>"; };
		2D6D0423196A894A00022E96 /* mex_CUDA_glnxa64.sh */ = {isa = PBXFileReference; fileEncoding = 4; lastKnownFileType = text.script.sh; name = mex_CUDA_glnxa64.sh; path = matlab/src/config/mex_CUDA_glnxa64.sh; sourceTree = "<group>"; };
		2D6D0424196A894A00022E96 /* mex_CUDA_maci64.sh */ = {isa = PBXFileReference; fileEncoding = 4; lastKnownFileType = text.script.sh; name = mex_CUDA_maci64.sh; path = matlab/src/config/mex_CUDA_maci64.sh; sourceTree = "<group>"; };
		2D6D0425196A896300022E96 /* vl_nndropout.m */ = {isa = PBXFileReference; fileEncoding = 4; lastKnownFileType = sourcecode.c.objc; name = vl_nndropout.m; path = matlab/vl_nndropout.m; sourceTree = "<group>"; };
		2D6D0426196A896300022E96 /* vl_nnnoffset.m */ = {isa = PBXFileReference; fileEncoding = 4; lastKnownFileType = sourcecode.c.objc; name = vl_nnnoffset.m; path = matlab/vl_nnnoffset.m; sourceTree = "<group>"; };
		2D6D0427196A896300022E96 /* vl_nnsoftmaxloss.m */ = {isa = PBXFileReference; fileEncoding = 4; lastKnownFileType = sourcecode.c.objc; name = vl_nnsoftmaxloss.m; path = matlab/vl_nnsoftmaxloss.m; sourceTree = "<group>"; };
		2D6D0428196A896300022E96 /* vl_simplenn_display.m */ = {isa = PBXFileReference; fileEncoding = 4; lastKnownFileType = sourcecode.c.objc; name = vl_simplenn_display.m; path = matlab/vl_simplenn_display.m; sourceTree = "<group>"; };
		2D6D0429196A896300022E96 /* vl_simplenn_move.m */ = {isa = PBXFileReference; fileEncoding = 4; lastKnownFileType = sourcecode.c.objc; name = vl_simplenn_move.m; path = matlab/vl_simplenn_move.m; sourceTree = "<group>"; };
		2D6D042C196A896300022E96 /* vl_testsim.m */ = {isa = PBXFileReference; fileEncoding = 4; lastKnownFileType = sourcecode.c.objc; name = vl_testsim.m; path = matlab/xtest/vl_testsim.m; sourceTree = "<group>"; };
		2D6D042D196A896300022E96 /* README.md */ = {isa = PBXFileReference; fileEncoding = 4; lastKnownFileType = text; path = README.md; sourceTree = "<group>"; };
		2D6D042E196A988C00022E96 /* nnhelper.h */ = {isa = PBXFileReference; lastKnownFileType = sourcecode.c.h; name = nnhelper.h; path = matlab/src/bits/nnhelper.h; sourceTree = "<group>"; };
		2D6FC8A319B672A800C1CF41 /* subsample.cpp */ = {isa = PBXFileReference; lastKnownFileType = sourcecode.cpp.cpp; name = subsample.cpp; path = matlab/src/bits/subsample.cpp; sourceTree = "<group>"; };
		2D6FC8A419B672D900C1CF41 /* subsample.hpp */ = {isa = PBXFileReference; lastKnownFileType = sourcecode.cpp.h; name = subsample.hpp; path = matlab/src/bits/subsample.hpp; sourceTree = "<group>"; };
		2D6FC8A519B672EE00C1CF41 /* subsample_gpu.cu */ = {isa = PBXFileReference; explicitFileType = sourcecode.cpp.objcpp; fileEncoding = 4; name = subsample_gpu.cu; path = matlab/src/bits/subsample_gpu.cu; sourceTree = "<group>"; };
		2D708AAA1A52F61A004E7D42 /* about.md */ = {isa = PBXFileReference; fileEncoding = 4; lastKnownFileType = net.daringfireball.markdown; path = about.md; sourceTree = "<group>"; };
		2D708AAC1A52F61A004E7D42 /* fixes.css */ = {isa = PBXFileReference; fileEncoding = 4; lastKnownFileType = text.css; path = fixes.css; sourceTree = "<group>"; };
		2D708AAD1A52F61A004E7D42 /* tables.css */ = {isa = PBXFileReference; fileEncoding = 4; lastKnownFileType = text.css; path = tables.css; sourceTree = "<group>"; };
		2D708AAE1A52F61A004E7D42 /* developers.md */ = {isa = PBXFileReference; fileEncoding = 4; lastKnownFileType = net.daringfireball.markdown; path = developers.md; sourceTree = "<group>"; };
		2D708AAF1A52F61A004E7D42 /* functions.md */ = {isa = PBXFileReference; fileEncoding = 4; lastKnownFileType = net.daringfireball.markdown; path = functions.md; sourceTree = "<group>"; };
		2D708AB01A52F61A004E7D42 /* gpu.md */ = {isa = PBXFileReference; fileEncoding = 4; lastKnownFileType = net.daringfireball.markdown; path = gpu.md; sourceTree = "<group>"; };
		2D708AB11A52F61A004E7D42 /* index.md */ = {isa = PBXFileReference; fileEncoding = 4; lastKnownFileType = net.daringfireball.markdown; path = index.md; sourceTree = "<group>"; };
		2D708AB21A52F61A004E7D42 /* install.md */ = {isa = PBXFileReference; fileEncoding = 4; lastKnownFileType = net.daringfireball.markdown; path = install.md; sourceTree = "<group>"; };
		2D708AB41A52F61A004E7D42 /* mathjaxhelper.js */ = {isa = PBXFileReference; fileEncoding = 4; lastKnownFileType = sourcecode.javascript; path = mathjaxhelper.js; sourceTree = "<group>"; };
		2D708AC81A52F61A004E7D42 /* pretrained.md */ = {isa = PBXFileReference; fileEncoding = 4; lastKnownFileType = net.daringfireball.markdown; path = pretrained.md; sourceTree = "<group>"; };
		2D708AC91A52F61A004E7D42 /* training.md */ = {isa = PBXFileReference; fileEncoding = 4; lastKnownFileType = net.daringfireball.markdown; path = training.md; sourceTree = "<group>"; };
		2D708ACA1A52F61A004E7D42 /* mkdocs.yml */ = {isa = PBXFileReference; fileEncoding = 4; lastKnownFileType = text; name = mkdocs.yml; path = doc/site/mkdocs.yml; sourceTree = "<group>"; };
		2D708ACB1A52F65C004E7D42 /* Makefile */ = {isa = PBXFileReference; fileEncoding = 4; lastKnownFileType = sourcecode.make; name = Makefile; path = doc/Makefile; sourceTree = "<group>"; };
		2D708ACC1A52F65C004E7D42 /* matdoc.py */ = {isa = PBXFileReference; fileEncoding = 4; lastKnownFileType = text.script.python; name = matdoc.py; path = doc/matdoc.py; sourceTree = "<group>"; };
		2D708ACD1A52F65C004E7D42 /* matdocparser.py */ = {isa = PBXFileReference; fileEncoding = 4; lastKnownFileType = text.script.python; name = matdocparser.py; path = doc/matdocparser.py; sourceTree = "<group>"; };
		2D717F1F19B3A2A50028FE9E /* matconvnet-manual.tex */ = {isa = PBXFileReference; fileEncoding = 4; lastKnownFileType = text; name = "matconvnet-manual.tex"; path = "doc/matconvnet-manual.tex"; sourceTree = "<group>"; };
		2D717F2019B3A2A50028FE9E /* references.bib */ = {isa = PBXFileReference; fileEncoding = 4; lastKnownFileType = text; name = references.bib; path = doc/references.bib; sourceTree = "<group>"; };
		2D95CDA318EDE3A50076E3A2 /* im2col_gpu.cu */ = {isa = PBXFileReference; explicitFileType = sourcecode.cpp.objcpp; fileEncoding = 4; name = im2col_gpu.cu; path = matlab/src/bits/im2col_gpu.cu; sourceTree = "<group>"; };
		2D95CDA818EEA9790076E3A2 /* pooling_gpu.cu */ = {isa = PBXFileReference; explicitFileType = sourcecode.cpp.objcpp; fileEncoding = 4; name = pooling_gpu.cu; path = matlab/src/bits/pooling_gpu.cu; sourceTree = "<group>"; };
		2D95CDA918EEAC900076E3A2 /* normalize_gpu.cu */ = {isa = PBXFileReference; explicitFileType = sourcecode.cpp.objcpp; fileEncoding = 4; name = normalize_gpu.cu; path = matlab/src/bits/normalize_gpu.cu; sourceTree = "<group>"; };
		2D9DC1CA1A209EBF0053CB7D /* vl_nnconv.cpp */ = {isa = PBXFileReference; fileEncoding = 4; lastKnownFileType = sourcecode.cpp.cpp; name = vl_nnconv.cpp; path = matlab/src/vl_nnconv.cpp; sourceTree = "<group>"; };
		2D9DC1CE1A209EFD0053CB7D /* vl_nnnormalize.cpp */ = {isa = PBXFileReference; fileEncoding = 4; lastKnownFileType = sourcecode.cpp.cpp; name = vl_nnnormalize.cpp; path = matlab/src/vl_nnnormalize.cpp; sourceTree = "<group>"; };
		2D9DC1CF1A209EFD0053CB7D /* vl_nnpool.cpp */ = {isa = PBXFileReference; fileEncoding = 4; lastKnownFileType = sourcecode.cpp.cpp; name = vl_nnpool.cpp; path = matlab/src/vl_nnpool.cpp; sourceTree = "<group>"; };
		2DADAFF418E63E7800165C90 /* vl_nnnormalize.cu */ = {isa = PBXFileReference; explicitFileType = sourcecode.cpp.cpp; fileEncoding = 4; name = vl_nnnormalize.cu; path = matlab/src/vl_nnnormalize.cu; sourceTree = "<group>"; };
		2DADAFF518E6430500165C90 /* normalize.cpp */ = {isa = PBXFileReference; fileEncoding = 4; lastKnownFileType = sourcecode.cpp.cpp; name = normalize.cpp; path = matlab/src/bits/normalize.cpp; sourceTree = "<group>"; };
		2DADAFF618E6430500165C90 /* normalize.hpp */ = {isa = PBXFileReference; fileEncoding = 4; lastKnownFileType = sourcecode.cpp.h; name = normalize.hpp; path = matlab/src/bits/normalize.hpp; sourceTree = "<group>"; };
		2DADAFF918E8D61D00165C90 /* mexutils.h */ = {isa = PBXFileReference; lastKnownFileType = sourcecode.c.h; name = mexutils.h; path = matlab/src/bits/mexutils.h; sourceTree = "<group>"; };
		2DADF18018ACFA6700D16D4C /* gpu.hpp */ = {isa = PBXFileReference; lastKnownFileType = sourcecode.cpp.h; name = gpu.hpp; path = matlab/src/bits/gpu.hpp; sourceTree = "<group>"; };
		2DD3FACC18EC0E7B00053032 /* vl_nnloss.m */ = {isa = PBXFileReference; fileEncoding = 4; lastKnownFileType = sourcecode.c.objc; name = vl_nnloss.m; path = matlab/vl_nnloss.m; sourceTree = "<group>"; };
		2DD3FACD18EC0E7B00053032 /* vl_nnrelu.m */ = {isa = PBXFileReference; fileEncoding = 4; lastKnownFileType = sourcecode.c.objc; name = vl_nnrelu.m; path = matlab/vl_nnrelu.m; sourceTree = "<group>"; };
		2DD3FACE18EC0E7B00053032 /* vl_nnsoftmax.m */ = {isa = PBXFileReference; fileEncoding = 4; lastKnownFileType = sourcecode.c.objc; name = vl_nnsoftmax.m; path = matlab/vl_nnsoftmax.m; sourceTree = "<group>"; };
		2DD3FAD018EC0E7B00053032 /* vl_simplenn.m */ = {isa = PBXFileReference; fileEncoding = 4; lastKnownFileType = sourcecode.c.objc; name = vl_simplenn.m; path = matlab/vl_simplenn.m; sourceTree = "<group>"; };
		2DD3FAD418EC0E9000053032 /* vl_test_nnlayers.m */ = {isa = PBXFileReference; fileEncoding = 4; lastKnownFileType = sourcecode.c.objc; name = vl_test_nnlayers.m; path = matlab/xtest/vl_test_nnlayers.m; sourceTree = "<group>"; };
		2DD3FAD918EC0E9000053032 /* vl_testder.m */ = {isa = PBXFileReference; fileEncoding = 4; lastKnownFileType = sourcecode.c.objc; name = vl_testder.m; path = matlab/xtest/vl_testder.m; sourceTree = "<group>"; };
		2DD3FADA18EC118700053032 /* vl_rootnn.m */ = {isa = PBXFileReference; fileEncoding = 4; lastKnownFileType = sourcecode.c.objc; name = vl_rootnn.m; path = matlab/vl_rootnn.m; sourceTree = "<group>"; };
		2DD3FADB18EC118700053032 /* vl_setupnn.m */ = {isa = PBXFileReference; fileEncoding = 4; lastKnownFileType = sourcecode.c.objc; name = vl_setupnn.m; path = matlab/vl_setupnn.m; sourceTree = "<group>"; };
		2DE27162197A5531001768CA /* vl_imreadjpeg.c */ = {isa = PBXFileReference; fileEncoding = 4; lastKnownFileType = sourcecode.c.c; name = vl_imreadjpeg.c; path = matlab/src/vl_imreadjpeg.c; sourceTree = "<group>"; };
		2DF145CF18AA61BD00D920BA /* vl_nnpool.cu */ = {isa = PBXFileReference; explicitFileType = sourcecode.cpp.cpp; fileEncoding = 4; name = vl_nnpool.cu; path = matlab/src/vl_nnpool.cu; sourceTree = "<group>"; };
/* End PBXFileReference section */

/* Begin PBXFrameworksBuildPhase section */
		2D375DC018A7FD1C008A97EE /* Frameworks */ = {
			isa = PBXFrameworksBuildPhase;
			buildActionMask = 2147483647;
			files = (
			);
			runOnlyForDeploymentPostprocessing = 0;
		};
/* End PBXFrameworksBuildPhase section */

/* Begin PBXGroup section */
		2D1ECF5719CDFFE600F4A122 /* examples */ = {
			isa = PBXGroup;
			children = (
				2D1ECF5819CE000600F4A122 /* cnn_cifar.m */,
				2D1ECF5919CE000600F4A122 /* cnn_imagenet_evaluate.m */,
				2D1ECF5A19CE000600F4A122 /* cnn_imagenet_get_batch.m */,
				2D1ECF5B19CE000600F4A122 /* cnn_imagenet_minimal.m */,
				2D1ECF5C19CE000600F4A122 /* cnn_imagenet_setup_data.m */,
				2D1ECF5D19CE000600F4A122 /* cnn_imagenet_sync_labels.m */,
				2D1ECF5E19CE000600F4A122 /* cnn_imagenet.m */,
				2D1ECF5F19CE000600F4A122 /* cnn_mnist.m */,
				2D1ECF6019CE000600F4A122 /* cnn_train.m */,
			);
			name = examples;
			sourceTree = "<group>";
		};
		2D375DB018A7F064008A97EE = {
			isa = PBXGroup;
			children = (
				2D375DBC18A7F790008A97EE /* Makefile */,
				2D717F2219B3A2AB0028FE9E /* doc */,
				2D375DBD18A7F796008A97EE /* src */,
				2D1ECF5719CDFFE600F4A122 /* examples */,
				2DD3FACA18EC0E4C00053032 /* matlab */,
				2D375DC418A7FD1C008A97EE /* Products */,
			);
			sourceTree = "<group>";
		};
		2D375DBD18A7F796008A97EE /* src */ = {
			isa = PBXGroup;
			children = (
				2D375DCE18A84923008A97EE /* bits */,
				2D6D0420196A892E00022E96 /* config */,
				2DE27162197A5531001768CA /* vl_imreadjpeg.c */,
				2D9DC1CA1A209EBF0053CB7D /* vl_nnconv.cpp */,
				2D375DBE18A7F79E008A97EE /* vl_nnconv.cu */,
				2D9DC1CE1A209EFD0053CB7D /* vl_nnnormalize.cpp */,
				2DADAFF418E63E7800165C90 /* vl_nnnormalize.cu */,
				2D9DC1CF1A209EFD0053CB7D /* vl_nnpool.cpp */,
				2DF145CF18AA61BD00D920BA /* vl_nnpool.cu */,
			);
			name = src;
			sourceTree = "<group>";
		};
		2D375DC418A7FD1C008A97EE /* Products */ = {
			isa = PBXGroup;
			children = (
				2D375DC318A7FD1C008A97EE /* libgconv.dylib */,
			);
			name = Products;
			sourceTree = "<group>";
		};
		2D375DCE18A84923008A97EE /* bits */ = {
			isa = PBXGroup;
			children = (
				2DADF18018ACFA6700D16D4C /* gpu.hpp */,
				2D375DCA18A848E2008A97EE /* im2col.cpp */,
				2D375DCB18A848E2008A97EE /* im2col.hpp */,
				2D95CDA318EDE3A50076E3A2 /* im2col_gpu.cu */,
				2DADAFF918E8D61D00165C90 /* mexutils.h */,
				2D6D042E196A988C00022E96 /* nnhelper.h */,
				2DADAFF518E6430500165C90 /* normalize.cpp */,
				2DADAFF618E6430500165C90 /* normalize.hpp */,
				2D95CDA918EEAC900076E3A2 /* normalize_gpu.cu */,
				2D06568718AA79BB006545B4 /* pooling.cpp */,
				2D06568818AA79BB006545B4 /* pooling.hpp */,
				2D95CDA818EEA9790076E3A2 /* pooling_gpu.cu */,
				2D6FC8A319B672A800C1CF41 /* subsample.cpp */,
				2D6FC8A419B672D900C1CF41 /* subsample.hpp */,
				2D6FC8A519B672EE00C1CF41 /* subsample_gpu.cu */,
			);
			name = bits;
			sourceTree = "<group>";
		};
		2D6D0420196A892E00022E96 /* config */ = {
			isa = PBXGroup;
			children = (
				2D6D0421196A894A00022E96 /* mex_CUDA_glnxa64.xml */,
				2D6D0422196A894A00022E96 /* mex_CUDA_maci64.xml */,
				2D6D0423196A894A00022E96 /* mex_CUDA_glnxa64.sh */,
				2D6D0424196A894A00022E96 /* mex_CUDA_maci64.sh */,
			);
			name = config;
			sourceTree = "<group>";
		};
		2D708AA81A52F60B004E7D42 /* site */ = {
			isa = PBXGroup;
			children = (
				2D708AA91A52F61A004E7D42 /* docs */,
				2D708ACB1A52F65C004E7D42 /* Makefile */,
				2D708ACC1A52F65C004E7D42 /* matdoc.py */,
				2D708ACD1A52F65C004E7D42 /* matdocparser.py */,
				2D708ACA1A52F61A004E7D42 /* mkdocs.yml */,
			);
			name = site;
			sourceTree = "<group>";
		};
		2D708AA91A52F61A004E7D42 /* docs */ = {
			isa = PBXGroup;
			children = (
				2D708AAB1A52F61A004E7D42 /* css */,
				2D708AB31A52F61A004E7D42 /* js */,
				2D708AAA1A52F61A004E7D42 /* about.md */,
				2D708AAE1A52F61A004E7D42 /* developers.md */,
				2D708AAF1A52F61A004E7D42 /* functions.md */,
				2D708AB01A52F61A004E7D42 /* gpu.md */,
				2D708AB11A52F61A004E7D42 /* index.md */,
				2D708AB21A52F61A004E7D42 /* install.md */,
				2D708AC81A52F61A004E7D42 /* pretrained.md */,
				2D708AC91A52F61A004E7D42 /* training.md */,
			);
			name = docs;
			path = doc/site/docs;
			sourceTree = "<group>";
		};
		2D708AAB1A52F61A004E7D42 /* css */ = {
			isa = PBXGroup;
			children = (
				2D708AAC1A52F61A004E7D42 /* fixes.css */,
				2D708AAD1A52F61A004E7D42 /* tables.css */,
			);
			path = css;
			sourceTree = "<group>";
		};
		2D708AB31A52F61A004E7D42 /* js */ = {
			isa = PBXGroup;
			children = (
				2D708AB41A52F61A004E7D42 /* mathjaxhelper.js */,
			);
			path = js;
			sourceTree = "<group>";
		};
		2D717F2219B3A2AB0028FE9E /* doc */ = {
			isa = PBXGroup;
			children = (
				2D708AA81A52F60B004E7D42 /* site */,
				2D6D042D196A896300022E96 /* README.md */,
				2D717F1F19B3A2A50028FE9E /* matconvnet-manual.tex */,
				2D717F2019B3A2A50028FE9E /* references.bib */,
			);
			name = doc;
			sourceTree = "<group>";
		};
		2DD3FACA18EC0E4C00053032 /* matlab */ = {
			isa = PBXGroup;
			children = (
				2D1ECF5419CDE63200F4A122 /* vl_argparse.m */,
				2D1ECF5519CDE63200F4A122 /* vl_nnnormalize.m */,
				2D1ECF5619CDE63200F4A122 /* vl_simplenn_diagnose.m */,
				2D6D0425196A896300022E96 /* vl_nndropout.m */,
				2D5C34D519745588002B399E /* vl_nnpool.m */,
				2D6D0426196A896300022E96 /* vl_nnnoffset.m */,
				2D6D0427196A896300022E96 /* vl_nnsoftmaxloss.m */,
				2D6D0428196A896300022E96 /* vl_simplenn_display.m */,
				2D6D0429196A896300022E96 /* vl_simplenn_move.m */,
				2D375DBB18A7F790008A97EE /* vl_nnconv.m */,
				2DD3FACC18EC0E7B00053032 /* vl_nnloss.m */,
				2DD3FACD18EC0E7B00053032 /* vl_nnrelu.m */,
				2DD3FACE18EC0E7B00053032 /* vl_nnsoftmax.m */,
				2DD3FADA18EC118700053032 /* vl_rootnn.m */,
				2DD3FADB18EC118700053032 /* vl_setupnn.m */,
				2DD3FAD018EC0E7B00053032 /* vl_simplenn.m */,
				2DD3FAD118EC0E8100053032 /* xtest */,
			);
			name = matlab;
			sourceTree = "<group>";
		};
		2DD3FAD118EC0E8100053032 /* xtest */ = {
			isa = PBXGroup;
			children = (
				2D6D042C196A896300022E96 /* vl_testsim.m */,
				2DD3FAD418EC0E9000053032 /* vl_test_nnlayers.m */,
				2DD3FAD918EC0E9000053032 /* vl_testder.m */,
			);
			name = xtest;
			sourceTree = "<group>";
		};
/* End PBXGroup section */

/* Begin PBXHeadersBuildPhase section */
		2D375DC118A7FD1C008A97EE /* Headers */ = {
			isa = PBXHeadersBuildPhase;
			buildActionMask = 2147483647;
			files = (
				2D375DCD18A848E2008A97EE /* im2col.hpp in Headers */,
				2D06568A18AA79BB006545B4 /* pooling.hpp in Headers */,
				2DADAFF818E6430500165C90 /* normalize.hpp in Headers */,
			);
			runOnlyForDeploymentPostprocessing = 0;
		};
/* End PBXHeadersBuildPhase section */

/* Begin PBXLegacyTarget section */
		2D375DB518A7F064008A97EE /* matconv */ = {
			isa = PBXLegacyTarget;
			buildArgumentsString = "ENABLE_GPU=y ENABLE_IMREADJPEG=y $(ACTION)";
			buildConfigurationList = 2D375DB818A7F064008A97EE /* Build configuration list for PBXLegacyTarget "matconv" */;
			buildPhases = (
			);
			buildToolPath = /usr/bin/make;
			buildWorkingDirectory = "";
			dependencies = (
			);
			name = matconv;
			passBuildSettingsInEnvironment = 1;
			productName = matconv;
		};
		2D95CDAA18EEB2630076E3A2 /* matconv no gpu */ = {
			isa = PBXLegacyTarget;
			buildArgumentsString = "ENABLE_GPU=\"\" ENABLE_IMREADJPEG=y $(ACTION)";
			buildConfigurationList = 2D95CDAB18EEB2630076E3A2 /* Build configuration list for PBXLegacyTarget "matconv no gpu" */;
			buildPhases = (
			);
			buildToolPath = /usr/bin/make;
			buildWorkingDirectory = "";
			dependencies = (
			);
			name = "matconv no gpu";
			passBuildSettingsInEnvironment = 1;
			productName = matconv;
		};
/* End PBXLegacyTarget section */

/* Begin PBXNativeTarget section */
		2D375DC218A7FD1C008A97EE /* gconv */ = {
			isa = PBXNativeTarget;
			buildConfigurationList = 2D375DC518A7FD1C008A97EE /* Build configuration list for PBXNativeTarget "gconv" */;
			buildPhases = (
				2D375DBF18A7FD1C008A97EE /* Sources */,
				2D375DC018A7FD1C008A97EE /* Frameworks */,
				2D375DC118A7FD1C008A97EE /* Headers */,
			);
			buildRules = (
				2D375DC918A7FE5D008A97EE /* PBXBuildRule */,
			);
			dependencies = (
			);
			name = gconv;
			productName = gconv;
			productReference = 2D375DC318A7FD1C008A97EE /* libgconv.dylib */;
			productType = "com.apple.product-type.library.dynamic";
		};
/* End PBXNativeTarget section */

/* Begin PBXProject section */
		2D375DB118A7F064008A97EE /* Project object */ = {
			isa = PBXProject;
			attributes = {
				LastUpgradeCheck = 0500;
				ORGANIZATIONNAME = "Andrea Vedaldi";
			};
			buildConfigurationList = 2D375DB418A7F064008A97EE /* Build configuration list for PBXProject "matconv" */;
			compatibilityVersion = "Xcode 3.2";
			developmentRegion = English;
			hasScannedForEncodings = 0;
			knownRegions = (
				en,
			);
			mainGroup = 2D375DB018A7F064008A97EE;
			productRefGroup = 2D375DC418A7FD1C008A97EE /* Products */;
			projectDirPath = "";
			projectRoot = "";
			targets = (
				2D375DB518A7F064008A97EE /* matconv */,
				2D95CDAA18EEB2630076E3A2 /* matconv no gpu */,
				2D375DC218A7FD1C008A97EE /* gconv */,
			);
		};
/* End PBXProject section */

/* Begin PBXSourcesBuildPhase section */
		2D375DBF18A7FD1C008A97EE /* Sources */ = {
			isa = PBXSourcesBuildPhase;
			buildActionMask = 2147483647;
			files = (
				2DE27163197A5531001768CA /* vl_imreadjpeg.c in Sources */,
				2D9DC1CC1A209EBF0053CB7D /* vl_nnconv.cpp in Sources */,
				2D375DCC18A848E2008A97EE /* im2col.cpp in Sources */,
				2D06568918AA79BB006545B4 /* pooling.cpp in Sources */,
				2DADAFF718E6430500165C90 /* normalize.cpp in Sources */,
				2D9DC1D11A209EFD0053CB7D /* vl_nnpool.cpp in Sources */,
				2D9DC1D01A209EFD0053CB7D /* vl_nnnormalize.cpp in Sources */,
				2D95CDA518EDE3A50076E3A2 /* im2col_gpu.cu in Sources */,
			);
			runOnlyForDeploymentPostprocessing = 0;
		};
/* End PBXSourcesBuildPhase section */

/* Begin XCBuildConfiguration section */
		2D375DB618A7F064008A97EE /* Debug */ = {
			isa = XCBuildConfiguration;
			buildSettings = {
				ALWAYS_SEARCH_USER_PATHS = NO;
				CLANG_CXX_LANGUAGE_STANDARD = "gnu++0x";
				CLANG_CXX_LIBRARY = "libc++";
				CLANG_ENABLE_OBJC_ARC = YES;
				CLANG_WARN_BOOL_CONVERSION = YES;
				CLANG_WARN_CONSTANT_CONVERSION = YES;
				CLANG_WARN_DIRECT_OBJC_ISA_USAGE = YES_ERROR;
				CLANG_WARN_EMPTY_BODY = YES;
				CLANG_WARN_ENUM_CONVERSION = YES;
				CLANG_WARN_INT_CONVERSION = YES;
				CLANG_WARN_OBJC_ROOT_CLASS = YES_ERROR;
				CLANG_WARN__DUPLICATE_METHOD_MATCH = YES;
				COPY_PHASE_STRIP = NO;
				DEBUG = YES;
				ENABLE_GPU = "";
				EXPORTED_SYMBOLS_FILE = "$(MATLABROOT)/extern/lib/maci64/mexFunction.map";
				GCC_C_LANGUAGE_STANDARD = gnu99;
				GCC_DYNAMIC_NO_PIC = NO;
				GCC_ENABLE_OBJC_EXCEPTIONS = YES;
				GCC_OPTIMIZATION_LEVEL = 0;
				GCC_PREPROCESSOR_DEFINITIONS = (
					"DEBUG=1",
					"$(inherited)",
				);
				GCC_SYMBOLS_PRIVATE_EXTERN = NO;
				GCC_WARN_64_TO_32_BIT_CONVERSION = YES;
				GCC_WARN_ABOUT_RETURN_TYPE = YES_ERROR;
				GCC_WARN_UNDECLARED_SELECTOR = YES;
				GCC_WARN_UNINITIALIZED_AUTOS = YES;
				GCC_WARN_UNUSED_FUNCTION = YES;
				GCC_WARN_UNUSED_VARIABLE = YES;
				MACOSX_DEPLOYMENT_TARGET = 10.9;
				MATLABROOT = /Applications/MATLAB_R2014a.app;
				MEX = "$(MATLABROOT)/bin/mex";
				MEXEXT = "$(MATLABROOT)/bin/mexext";
				NVCC = "/Developer/NVIDIA/CUDA-5.5/bin/nvcc";
				ONLY_ACTIVE_ARCH = YES;
				SDKROOT = macosx;
			};
			name = Debug;
		};
		2D375DB718A7F064008A97EE /* Release */ = {
			isa = XCBuildConfiguration;
			buildSettings = {
				ALWAYS_SEARCH_USER_PATHS = NO;
				CLANG_CXX_LANGUAGE_STANDARD = "gnu++0x";
				CLANG_CXX_LIBRARY = "libc++";
				CLANG_ENABLE_OBJC_ARC = YES;
				CLANG_WARN_BOOL_CONVERSION = YES;
				CLANG_WARN_CONSTANT_CONVERSION = YES;
				CLANG_WARN_DIRECT_OBJC_ISA_USAGE = YES_ERROR;
				CLANG_WARN_EMPTY_BODY = YES;
				CLANG_WARN_ENUM_CONVERSION = YES;
				CLANG_WARN_INT_CONVERSION = YES;
				CLANG_WARN_OBJC_ROOT_CLASS = YES_ERROR;
				CLANG_WARN__DUPLICATE_METHOD_MATCH = YES;
				COPY_PHASE_STRIP = YES;
				DEBUG = "";
				DEBUG_INFORMATION_FORMAT = "dwarf-with-dsym";
				ENABLE_GPU = "";
				ENABLE_NS_ASSERTIONS = NO;
				EXPORTED_SYMBOLS_FILE = "$(MATLABROOT)/extern/lib/maci64/mexFunction.map";
				GCC_C_LANGUAGE_STANDARD = gnu99;
				GCC_ENABLE_OBJC_EXCEPTIONS = YES;
				GCC_WARN_64_TO_32_BIT_CONVERSION = YES;
				GCC_WARN_ABOUT_RETURN_TYPE = YES_ERROR;
				GCC_WARN_UNDECLARED_SELECTOR = YES;
				GCC_WARN_UNINITIALIZED_AUTOS = YES;
				GCC_WARN_UNUSED_FUNCTION = YES;
				GCC_WARN_UNUSED_VARIABLE = YES;
				MACOSX_DEPLOYMENT_TARGET = 10.9;
				MATLABROOT = /Applications/MATLAB_R2014a.app;
				MEX = "$(MATLABROOT)/bin/mex";
				MEXEXT = "$(MATLABROOT)/bin/mexext";
				NVCC = "/Developer/NVIDIA/CUDA-5.5/bin/nvcc";
				SDKROOT = macosx;
			};
			name = Release;
		};
		2D375DB918A7F064008A97EE /* Debug */ = {
			isa = XCBuildConfiguration;
			buildSettings = {
				ENABLE_GPU = YES;
			};
			name = Debug;
		};
		2D375DBA18A7F064008A97EE /* Release */ = {
			isa = XCBuildConfiguration;
			buildSettings = {
				ENABLE_GPU = YES;
			};
			name = Release;
		};
		2D375DC618A7FD1C008A97EE /* Debug */ = {
			isa = XCBuildConfiguration;
			buildSettings = {
				EXECUTABLE_PREFIX = lib;
				GCC_PREPROCESSOR_DEFINITIONS = (
					"DEBUG=1",
					"$(inherited)",
				);
				PRODUCT_NAME = "$(TARGET_NAME)";
			};
			name = Debug;
		};
		2D375DC718A7FD1C008A97EE /* Release */ = {
			isa = XCBuildConfiguration;
			buildSettings = {
				EXECUTABLE_PREFIX = lib;
				PRODUCT_NAME = "$(TARGET_NAME)";
			};
			name = Release;
		};
		2D95CDAC18EEB2630076E3A2 /* Debug */ = {
			isa = XCBuildConfiguration;
			buildSettings = {
			};
			name = Debug;
		};
		2D95CDAD18EEB2630076E3A2 /* Release */ = {
			isa = XCBuildConfiguration;
			buildSettings = {
			};
			name = Release;
		};
/* End XCBuildConfiguration section */

/* Begin XCConfigurationList section */
		2D375DB418A7F064008A97EE /* Build configuration list for PBXProject "matconv" */ = {
			isa = XCConfigurationList;
			buildConfigurations = (
				2D375DB618A7F064008A97EE /* Debug */,
				2D375DB718A7F064008A97EE /* Release */,
			);
			defaultConfigurationIsVisible = 0;
			defaultConfigurationName = Release;
		};
		2D375DB818A7F064008A97EE /* Build configuration list for PBXLegacyTarget "matconv" */ = {
			isa = XCConfigurationList;
			buildConfigurations = (
				2D375DB918A7F064008A97EE /* Debug */,
				2D375DBA18A7F064008A97EE /* Release */,
			);
			defaultConfigurationIsVisible = 0;
			defaultConfigurationName = Release;
		};
		2D375DC518A7FD1C008A97EE /* Build configuration list for PBXNativeTarget "gconv" */ = {
			isa = XCConfigurationList;
			buildConfigurations = (
				2D375DC618A7FD1C008A97EE /* Debug */,
				2D375DC718A7FD1C008A97EE /* Release */,
			);
			defaultConfigurationIsVisible = 0;
			defaultConfigurationName = Release;
		};
		2D95CDAB18EEB2630076E3A2 /* Build configuration list for PBXLegacyTarget "matconv no gpu" */ = {
			isa = XCConfigurationList;
			buildConfigurations = (
				2D95CDAC18EEB2630076E3A2 /* Debug */,
				2D95CDAD18EEB2630076E3A2 /* Release */,
			);
			defaultConfigurationIsVisible = 0;
			defaultConfigurationName = Release;
		};
/* End XCConfigurationList section */
	};
	rootObject = 2D375DB118A7F064008A97EE /* Project object */;
}
